
Microsoft Visual Studio Solution File, Format Version 12.00
# Visual Studio Version 17
VisualStudioVersion = 17.10.34916.146
MinimumVisualStudioVersion = 10.0.40219.1
Project("{9A19103F-16F7-4668-BE54-9A1E7A4F7556}") = "Library.Shared", "Library.Shared\Library.Shared.csproj", "{9B2975D0-A084-4A85-94B0-90F3EDFB8A8F}"
EndProject
Project("{9A19103F-16F7-4668-BE54-9A1E7A4F7556}") = "Library", "Library\Library.csproj", "{4398F470-A4B1-4792-A10D-86AD93E99A3C}"
EndProject
Project("{9A19103F-16F7-4668-BE54-9A1E7A4F7556}") = "Library.UI", "Library.UI\Library.UI.csproj", "{42FC5AB2-A78F-497E-ABB2-A3502439EEC1}"
EndProject
Project("{FAE04EC0-301F-11D3-BF4B-00C04F79EFBC}") = "Library.Tests", "Library.Tests\Library.Tests.csproj", "{6FBC59AD-AFCE-4495-95D9-8E8CD463249A}"
EndProject
Global
	GlobalSection(SolutionConfigurationPlatforms) = preSolution
		Debug|Any CPU = Debug|Any CPU
		Release|Any CPU = Release|Any CPU
	EndGlobalSection
	GlobalSection(ProjectConfigurationPlatforms) = postSolution
		{9B2975D0-A084-4A85-94B0-90F3EDFB8A8F}.Debug|Any CPU.ActiveCfg = Debug|Any CPU
		{9B2975D0-A084-4A85-94B0-90F3EDFB8A8F}.Debug|Any CPU.Build.0 = Debug|Any CPU
		{9B2975D0-A084-4A85-94B0-90F3EDFB8A8F}.Release|Any CPU.ActiveCfg = Release|Any CPU
		{9B2975D0-A084-4A85-94B0-90F3EDFB8A8F}.Release|Any CPU.Build.0 = Release|Any CPU
		{4398F470-A4B1-4792-A10D-86AD93E99A3C}.Debug|Any CPU.ActiveCfg = Debug|Any CPU
		{4398F470-A4B1-4792-A10D-86AD93E99A3C}.Debug|Any CPU.Build.0 = Debug|Any CPU
		{4398F470-A4B1-4792-A10D-86AD93E99A3C}.Release|Any CPU.ActiveCfg = Release|Any CPU
		{4398F470-A4B1-4792-A10D-86AD93E99A3C}.Release|Any CPU.Build.0 = Release|Any CPU
		{42FC5AB2-A78F-497E-ABB2-A3502439EEC1}.Debug|Any CPU.ActiveCfg = Debug|Any CPU
		{42FC5AB2-A78F-497E-ABB2-A3502439EEC1}.Debug|Any CPU.Build.0 = Debug|Any CPU
		{42FC5AB2-A78F-497E-ABB2-A3502439EEC1}.Release|Any CPU.ActiveCfg = Release|Any CPU
		{42FC5AB2-A78F-497E-ABB2-A3502439EEC1}.Release|Any CPU.Build.0 = Release|Any CPU
		{6FBC59AD-AFCE-4495-95D9-8E8CD463249A}.Debug|Any CPU.ActiveCfg = Debug|Any CPU
		{6FBC59AD-AFCE-4495-95D9-8E8CD463249A}.Debug|Any CPU.Build.0 = Debug|Any CPU
		{6FBC59AD-AFCE-4495-95D9-8E8CD463249A}.Release|Any CPU.ActiveCfg = Release|Any CPU
		{6FBC59AD-AFCE-4495-95D9-8E8CD463249A}.Release|Any CPU.Build.0 = Release|Any CPU
	EndGlobalSection
	GlobalSection(SolutionProperties) = preSolution
		HideSolutionNode = FALSE
	EndGlobalSection
	GlobalSection(ExtensibilityGlobals) = postSolution
		SolutionGuid = {5F53B9F9-C175-4785-A270-EF3C7F136A33}
	EndGlobalSection
EndGlobal
